# This file is automatically @generated by Cargo.
# It is not intended for manual editing.
version = 3

[[package]]
name = "Project2"
version = "0.1.0"
dependencies = [
 "avl",
 "common",
 "rbt",
]

[[package]]
name = "avl"
version = "0.1.0"
dependencies = [
 "common",
]

[[package]]
name = "common"
version = "0.1.0"

[[package]]
name = "rbt"
version = "0.1.0"
dependencies = [
 "common",
]
